{
  "name": "Angular_otimize",
  "lockfileVersion": 2,
  "requires": true,
  "packages": {
    "": {
      "dependencies": {
        "@angular/core": "^12.2.3",
        "@syncfusion/ej2-angular-buttons": "^19.2.55"
      }
    },
    "node_modules/@angular/compiler": {
      "version": "11.2.13",
      "resolved": "https://registry.npmjs.org/@angular/compiler/-/compiler-11.2.13.tgz",
      "integrity": "sha512-HI7gfVozFW/rQoab0zVyYpU8PRHNWMk+pLc+q3ukVuByCmnBZ6kTAEQX2jnXVY8QGMmdptBgrsW/OsFaws98Zw==",
      "peer": true,
      "dependencies": {
        "tslib": "^2.0.0"
      }
    },
    "node_modules/@angular/core": {
      "version": "12.2.3",
      "resolved": "https://registry.npmjs.org/@angular/core/-/core-12.2.3.tgz",
      "integrity": "sha512-gv3FJPiwDKugySzPepBzXrbr8HxeK2enotEmducNv3IdtGZPS0/qrbDVt7W0woRt7BGAeWaZKEaPoFzMZeEbCw==",
      "dependencies": {
        "tslib": "^2.2.0"
      },
      "engines": {
        "node": "^12.14.1 || >=14.0.0"
      },
      "peerDependencies": {
        "rxjs": "^6.5.3 || ^7.0.0",
        "zone.js": "~0.11.4"
      }
    },
    "node_modules/@syncfusion/ej2-angular-buttons": {
      "version": "19.2.55",
      "resolved": "https://registry.npmjs.org/@syncfusion/ej2-angular-buttons/-/ej2-angular-buttons-19.2.55.tgz",
      "integrity": "sha512-Um5+VUIPp0xA5o9AEnNwDdBz/TCa9M52SBIkQTa7N53n1Kly9wf/NpP9xxPHBOYJBCoeaT6WFjwujaOFg//zXA==",
      "dependencies": {
        "@syncfusion/ej2-angular-base": "~19.2.55",
        "@syncfusion/ej2-base": "~19.2.55",
        "@syncfusion/ej2-buttons": "19.2.55"
      }
    },
    "node_modules/@syncfusion/ej2-angular-buttons/node_modules/@angular/common": {
      "version": "11.2.13",
      "resolved": "https://registry.npmjs.org/@angular/common/-/common-11.2.13.tgz",
      "integrity": "sha512-96iZ4wlZado78yG6eY/ZmY6+H2X2hJi2XsK7iXKzc5h3oeILEkt+ulfBNkCNjMm8xPYBmLrSBueG96/T4/Bi5w==",
      "peer": true,
      "dependencies": {
        "tslib": "^2.0.0"
      },
      "peerDependencies": {
        "@angular/core": "11.2.13",
        "rxjs": "^6.5.3"
      }
    },
    "node_modules/@syncfusion/ej2-angular-buttons/node_modules/@angular/core": {
      "version": "11.2.13",
      "resolved": "https://registry.npmjs.org/@angular/core/-/core-11.2.13.tgz",
      "integrity": "sha512-xMKskq/Sbf8dkX/vx4WCwXMpDTJJ77rGlP8fVTB8az8QeOa14i6AdpmSXaJ8sl68R3v8Y1Pa9yBQytbKuxShqQ==",
      "peer": true,
      "dependencies": {
        "tslib": "^2.0.0"
      },
      "peerDependencies": {
        "rxjs": "^6.5.3",
        "zone.js": "^0.10.2 || ^0.11.3"
      }
    },
    "node_modules/@syncfusion/ej2-angular-buttons/node_modules/@angular/forms": {
      "version": "11.2.13",
      "resolved": "https://registry.npmjs.org/@angular/forms/-/forms-11.2.13.tgz",
      "integrity": "sha512-Q5vNHycS+II2xYOE/HJB4NoYg/Ngg6hPF+0KXdCA7L4kfrwx5Fsi4oZ6gRRnSpzSGedISpSU4VE5wPiq7zJ3+A==",
      "peer": true,
      "dependencies": {
        "tslib": "^2.0.0"
      },
      "peerDependencies": {
        "@angular/common": "11.2.13",
        "@angular/core": "11.2.13",
        "@angular/platform-browser": "11.2.13",
        "rxjs": "^6.5.3"
      }
    },
    "node_modules/@syncfusion/ej2-angular-buttons/node_modules/@angular/platform-browser": {
      "version": "11.2.13",
      "resolved": "https://registry.npmjs.org/@angular/platform-browser/-/platform-browser-11.2.13.tgz",
      "integrity": "sha512-V70Pf3jJPbeXsiy9mtVMctVBIIoqiDhsoI+6lCehf/LaJR33oUizj+RS1wlpgOECIj9oD5EqzdvxEukR0PpnoQ==",
      "peer": true,
      "dependencies": {
        "tslib": "^2.0.0"
      },
      "peerDependencies": {
        "@angular/animations": "11.2.13",
        "@angular/common": "11.2.13",
        "@angular/core": "11.2.13"
      },
      "peerDependenciesMeta": {
        "@angular/animations": {
          "optional": true
        }
      }
    },
    "node_modules/@syncfusion/ej2-angular-buttons/node_modules/@angular/platform-browser-dynamic": {
      "version": "11.2.13",
      "resolved": "https://registry.npmjs.org/@angular/platform-browser-dynamic/-/platform-browser-dynamic-11.2.13.tgz",
      "integrity": "sha512-EHCG8fhnurhHUq+XKyKL3bYEcQThRYyzIJTJig28ulgvQd4TAKAbw8osL9rpjNUnCM1HjDXOqnCcPnsQIPIzMg==",
      "peer": true,
      "dependencies": {
        "tslib": "^2.0.0"
      },
      "peerDependencies": {
        "@angular/common": "11.2.13",
        "@angular/compiler": "11.2.13",
        "@angular/core": "11.2.13",
        "@angular/platform-browser": "11.2.13"
      }
    },
    "node_modules/@syncfusion/ej2-angular-buttons/node_modules/@syncfusion/ej2-angular-base": {
      "version": "19.2.59",
      "resolved": "https://registry.npmjs.org/@syncfusion/ej2-angular-base/-/ej2-angular-base-19.2.59.tgz",
      "integrity": "sha512-TKwO/8fAutE9P3EDmumfoepo8ITKZDJpDkk3SKKim3hJcHxda+RaA6XsSS079oUGqJwUbVEDADCf2NDkiIiDoQ==",
      "hasInstallScript": true,
      "dependencies": {
        "@syncfusion/ej2-base": "~19.2.57",
        "@syncfusion/ej2-icons": "~19.2.55",
        "core-js": "^3.4.8",
        "reflect-metadata": "^0.1.9",
        "rxjs": "^6.5.4",
        "rxjs-compat": "^6.5.4",
        "zone.js": "^0.10.2"
      },
      "peerDependencies": {
        "@angular/common": "4.10.0 - 11.2.13",
        "@angular/compiler": "4.10.0 - 11.2.13",
        "@angular/core": "4.10.0 - 11.2.13",
        "@angular/forms": "4.10.0 - 11.2.13",
        "@angular/platform-browser": "4.10.0 - 11.2.13",
        "@angular/platform-browser-dynamic": "4.10.0 - 11.2.13"
      }
    },
    "node_modules/@syncfusion/ej2-angular-buttons/node_modules/zone.js": {
      "version": "0.10.3",
      "resolved": "https://registry.npmjs.org/zone.js/-/zone.js-0.10.3.tgz",
      "integrity": "sha512-LXVLVEq0NNOqK/fLJo3d0kfzd4sxwn2/h67/02pjCjfKDxgx1i9QqpvtHD8CrBnSSwMw5+dy11O7FRX5mkO7Cg=="
    },
    "node_modules/@syncfusion/ej2-base": {
      "version": "19.2.57",
      "resolved": "https://registry.npmjs.org/@syncfusion/ej2-base/-/ej2-base-19.2.57.tgz",
      "integrity": "sha512-ZpUxtOzlVONZI9kFxe9uIpJylptwxSPjVjB57wYhiKeRB5PEWSFsKBfsGMxt6DqPpVy8jUA5DIC8yY8CdNK31A==",
      "dependencies": {
        "@syncfusion/ej2-icons": "~19.2.55"
      }
    },
    "node_modules/@syncfusion/ej2-buttons": {
      "version": "19.2.55",
      "resolved": "https://registry.npmjs.org/@syncfusion/ej2-buttons/-/ej2-buttons-19.2.55.tgz",
      "integrity": "sha512-L9h+7CeJOCUdJllSzxkjyQ4/wJnua2FpGAUXgEvWJhkVmmW3es3HzH8UfDj6vX7aXzEa4cCApcqVaDR18bfADg==",
      "dependencies": {
        "@syncfusion/ej2-base": "~19.2.55"
      }
    },
    "node_modules/@syncfusion/ej2-icons": {
      "version": "19.2.55",
      "resolved": "https://registry.npmjs.org/@syncfusion/ej2-icons/-/ej2-icons-19.2.55.tgz",
      "integrity": "sha512-64kPva81wFfB84F215O9T1Um0dr5VIVovxCwd2VmwKxywO6FPutcU8rk0g4TKYCLlzrRpz59pARlhLrmrOUgEg=="
    },
    "node_modules/core-js": {
      "version": "3.16.4",
      "resolved": "https://registry.npmjs.org/core-js/-/core-js-3.16.4.tgz",
      "integrity": "sha512-Tq4GVE6XCjE+hcyW6hPy0ofN3hwtLudz5ZRdrlCnsnD/xkm/PWQRudzYHiKgZKUcefV6Q57fhDHjZHJP5dpfSg==",
      "hasInstallScript": true,
      "funding": {
        "type": "opencollective",
        "url": "https://opencollective.com/core-js"
      }
    },
    "node_modules/reflect-metadata": {
      "version": "0.1.13",
      "resolved": "https://registry.npmjs.org/reflect-metadata/-/reflect-metadata-0.1.13.tgz",
      "integrity": "sha512-Ts1Y/anZELhSsjMcU605fU9RE4Oi3p5ORujwbIKXfWa+0Zxs510Qrmrce5/Jowq3cHSZSJqBjypxmHarc+vEWg=="
    },
    "node_modules/rxjs": {
      "version": "6.6.7",
      "resolved": "https://registry.npmjs.org/rxjs/-/rxjs-6.6.7.tgz",
      "integrity": "sha512-hTdwr+7yYNIT5n4AMYp85KA6yw2Va0FLa3Rguvbpa4W3I5xynaBZo41cM3XM+4Q6fRMj3sBYIR1VAmZMXYJvRQ==",
      "dependencies": {
        "tslib": "^1.9.0"
      },
      "engines": {
        "npm": ">=2.0.0"
      }
    },
    "node_modules/rxjs-compat": {
      "version": "6.6.7",
      "resolved": "https://registry.npmjs.org/rxjs-compat/-/rxjs-compat-6.6.7.tgz",
      "integrity": "sha512-szN4fK+TqBPOFBcBcsR0g2cmTTUF/vaFEOZNuSdfU8/pGFnNmmn2u8SystYXG1QMrjOPBc6XTKHMVfENDf6hHw=="
    },
    "node_modules/rxjs/node_modules/tslib": {
      "version": "1.14.1",
      "resolved": "https://registry.npmjs.org/tslib/-/tslib-1.14.1.tgz",
      "integrity": "sha512-Xni35NKzjgMrwevysHTCArtLDpPvye8zV/0E4EyYn43P7/7qvQwPh9BGkHewbMulVntbigmcT7rdX3BNo9wRJg=="
    },
    "node_modules/tslib": {
      "version": "2.3.1",
      "resolved": "https://registry.npmjs.org/tslib/-/tslib-2.3.1.tgz",
      "integrity": "sha512-77EbyPPpMz+FRFRuAFlWMtmgUWGe9UOG2Z25NqCwiIjRhOf5iKGuzSe5P2w1laq+FkRy4p+PCuVkJSGkzTEKVw=="
    },
    "node_modules/zone.js": {
      "version": "0.11.4",
      "resolved": "https://registry.npmjs.org/zone.js/-/zone.js-0.11.4.tgz",
      "integrity": "sha512-DDh2Ab+A/B+9mJyajPjHFPWfYU1H+pdun4wnnk0OcQTNjem1XQSZ2CDW+rfZEUDjv5M19SBqAkjZi0x5wuB5Qw==",
      "peer": true,
      "dependencies": {
        "tslib": "^2.0.0"
      }
    }
  },
  "dependencies": {
    "@angular/compiler": {
      "version": "11.2.13",
      "resolved": "https://registry.npmjs.org/@angular/compiler/-/compiler-11.2.13.tgz",
      "integrity": "sha512-HI7gfVozFW/rQoab0zVyYpU8PRHNWMk+pLc+q3ukVuByCmnBZ6kTAEQX2jnXVY8QGMmdptBgrsW/OsFaws98Zw==",
      "peer": true,
      "requires": {
        "tslib": "^2.0.0"
      }
    },
    "@angular/core": {
      "version": "12.2.3",
      "resolved": "https://registry.npmjs.org/@angular/core/-/core-12.2.3.tgz",
      "integrity": "sha512-gv3FJPiwDKugySzPepBzXrbr8HxeK2enotEmducNv3IdtGZPS0/qrbDVt7W0woRt7BGAeWaZKEaPoFzMZeEbCw==",
      "requires": {
        "tslib": "^2.2.0"
      }
    },
    "@syncfusion/ej2-angular-buttons": {
      "version": "19.2.55",
      "resolved": "https://registry.npmjs.org/@syncfusion/ej2-angular-buttons/-/ej2-angular-buttons-19.2.55.tgz",
      "integrity": "sha512-Um5+VUIPp0xA5o9AEnNwDdBz/TCa9M52SBIkQTa7N53n1Kly9wf/NpP9xxPHBOYJBCoeaT6WFjwujaOFg//zXA==",
      "requires": {
        "@syncfusion/ej2-angular-base": "~19.2.55",
        "@syncfusion/ej2-base": "~19.2.55",
        "@syncfusion/ej2-buttons": "19.2.55"
      },
      "dependencies": {
        "@angular/common": {
          "version": "11.2.13",
          "resolved": "https://registry.npmjs.org/@angular/common/-/common-11.2.13.tgz",
          "integrity": "sha512-96iZ4wlZado78yG6eY/ZmY6+H2X2hJi2XsK7iXKzc5h3oeILEkt+ulfBNkCNjMm8xPYBmLrSBueG96/T4/Bi5w==",
          "peer": true,
          "requires": {
            "tslib": "^2.0.0"
          }
        },
        "@angular/core": {
          "version": "11.2.13",
          "resolved": "https://registry.npmjs.org/@angular/core/-/core-11.2.13.tgz",
          "integrity": "sha512-xMKskq/Sbf8dkX/vx4WCwXMpDTJJ77rGlP8fVTB8az8QeOa14i6AdpmSXaJ8sl68R3v8Y1Pa9yBQytbKuxShqQ==",
          "peer": true,
          "requires": {
            "tslib": "^2.0.0"
          }
        },
        "@angular/forms": {
          "version": "11.2.13",
          "resolved": "https://registry.npmjs.org/@angular/forms/-/forms-11.2.13.tgz",
          "integrity": "sha512-Q5vNHycS+II2xYOE/HJB4NoYg/Ngg6hPF+0KXdCA7L4kfrwx5Fsi4oZ6gRRnSpzSGedISpSU4VE5wPiq7zJ3+A==",
          "peer": true,
          "requires": {
            "tslib": "^2.0.0"
          }
        },
        "@angular/platform-browser": {
          "version": "11.2.13",
          "resolved": "https://registry.npmjs.org/@angular/platform-browser/-/platform-browser-11.2.13.tgz",
          "integrity": "sha512-V70Pf3jJPbeXsiy9mtVMctVBIIoqiDhsoI+6lCehf/LaJR33oUizj+RS1wlpgOECIj9oD5EqzdvxEukR0PpnoQ==",
          "peer": true,
          "requires": {
            "tslib": "^2.0.0"
          }
        },
        "@angular/platform-browser-dynamic": {
          "version": "11.2.13",
          "resolved": "https://registry.npmjs.org/@angular/platform-browser-dynamic/-/platform-browser-dynamic-11.2.13.tgz",
          "integrity": "sha512-EHCG8fhnurhHUq+XKyKL3bYEcQThRYyzIJTJig28ulgvQd4TAKAbw8osL9rpjNUnCM1HjDXOqnCcPnsQIPIzMg==",
          "peer": true,
          "requires": {
            "tslib": "^2.0.0"
          }
        },
        "@syncfusion/ej2-angular-base": {
          "version": "19.2.59",
          "resolved": "https://registry.npmjs.org/@syncfusion/ej2-angular-base/-/ej2-angular-base-19.2.59.tgz",
          "integrity": "sha512-TKwO/8fAutE9P3EDmumfoepo8ITKZDJpDkk3SKKim3hJcHxda+RaA6XsSS079oUGqJwUbVEDADCf2NDkiIiDoQ==",
          "requires": {
            "@syncfusion/ej2-base": "~19.2.57",
            "@syncfusion/ej2-icons": "~19.2.55",
            "core-js": "^3.4.8",
            "reflect-metadata": "^0.1.9",
            "rxjs": "^6.5.4",
            "rxjs-compat": "^6.5.4",
            "zone.js": "^0.10.2"
          }
        },
        "zone.js": {
          "version": "0.10.3",
          "resolved": "https://registry.npmjs.org/zone.js/-/zone.js-0.10.3.tgz",
          "integrity": "sha512-LXVLVEq0NNOqK/fLJo3d0kfzd4sxwn2/h67/02pjCjfKDxgx1i9QqpvtHD8CrBnSSwMw5+dy11O7FRX5mkO7Cg=="
        }
      }
    },
    "@syncfusion/ej2-base": {
      "version": "19.2.57",
      "resolved": "https://registry.npmjs.org/@syncfusion/ej2-base/-/ej2-base-19.2.57.tgz",
      "integrity": "sha512-ZpUxtOzlVONZI9kFxe9uIpJylptwxSPjVjB57wYhiKeRB5PEWSFsKBfsGMxt6DqPpVy8jUA5DIC8yY8CdNK31A==",
      "requires": {
        "@syncfusion/ej2-icons": "~19.2.55"
      }
    },
    "@syncfusion/ej2-buttons": {
      "version": "19.2.55",
      "resolved": "https://registry.npmjs.org/@syncfusion/ej2-buttons/-/ej2-buttons-19.2.55.tgz",
      "integrity": "sha512-L9h+7CeJOCUdJllSzxkjyQ4/wJnua2FpGAUXgEvWJhkVmmW3es3HzH8UfDj6vX7aXzEa4cCApcqVaDR18bfADg==",
      "requires": {
        "@syncfusion/ej2-base": "~19.2.55"
      }
    },
    "@syncfusion/ej2-icons": {
      "version": "19.2.55",
      "resolved": "https://registry.npmjs.org/@syncfusion/ej2-icons/-/ej2-icons-19.2.55.tgz",
      "integrity": "sha512-64kPva81wFfB84F215O9T1Um0dr5VIVovxCwd2VmwKxywO6FPutcU8rk0g4TKYCLlzrRpz59pARlhLrmrOUgEg=="
    },
    "core-js": {
      "version": "3.16.4",
      "resolved": "https://registry.npmjs.org/core-js/-/core-js-3.16.4.tgz",
      "integrity": "sha512-Tq4GVE6XCjE+hcyW6hPy0ofN3hwtLudz5ZRdrlCnsnD/xkm/PWQRudzYHiKgZKUcefV6Q57fhDHjZHJP5dpfSg=="
    },
    "reflect-metadata": {
      "version": "0.1.13",
      "resolved": "https://registry.npmjs.org/reflect-metadata/-/reflect-metadata-0.1.13.tgz",
      "integrity": "sha512-Ts1Y/anZELhSsjMcU605fU9RE4Oi3p5ORujwbIKXfWa+0Zxs510Qrmrce5/Jowq3cHSZSJqBjypxmHarc+vEWg=="
    },
    "rxjs": {
      "version": "6.6.7",
      "resolved": "https://registry.npmjs.org/rxjs/-/rxjs-6.6.7.tgz",
      "integrity": "sha512-hTdwr+7yYNIT5n4AMYp85KA6yw2Va0FLa3Rguvbpa4W3I5xynaBZo41cM3XM+4Q6fRMj3sBYIR1VAmZMXYJvRQ==",
      "requires": {
        "tslib": "^1.9.0"
      },
      "dependencies": {
        "tslib": {
          "version": "1.14.1",
          "resolved": "https://registry.npmjs.org/tslib/-/tslib-1.14.1.tgz",
          "integrity": "sha512-Xni35NKzjgMrwevysHTCArtLDpPvye8zV/0E4EyYn43P7/7qvQwPh9BGkHewbMulVntbigmcT7rdX3BNo9wRJg=="
        }
      }
    },
    "rxjs-compat": {
      "version": "6.6.7",
      "resolved": "https://registry.npmjs.org/rxjs-compat/-/rxjs-compat-6.6.7.tgz",
      "integrity": "sha512-szN4fK+TqBPOFBcBcsR0g2cmTTUF/vaFEOZNuSdfU8/pGFnNmmn2u8SystYXG1QMrjOPBc6XTKHMVfENDf6hHw=="
    },
    "tslib": {
      "version": "2.3.1",
      "resolved": "https://registry.npmjs.org/tslib/-/tslib-2.3.1.tgz",
      "integrity": "sha512-77EbyPPpMz+FRFRuAFlWMtmgUWGe9UOG2Z25NqCwiIjRhOf5iKGuzSe5P2w1laq+FkRy4p+PCuVkJSGkzTEKVw=="
    },
    "zone.js": {
      "version": "0.11.4",
      "resolved": "https://registry.npmjs.org/zone.js/-/zone.js-0.11.4.tgz",
      "integrity": "sha512-DDh2Ab+A/B+9mJyajPjHFPWfYU1H+pdun4wnnk0OcQTNjem1XQSZ2CDW+rfZEUDjv5M19SBqAkjZi0x5wuB5Qw==",
      "peer": true,
      "requires": {
        "tslib": "^2.0.0"
      }
    }
  }
}
